
Microsoft Visual Studio Solution File, Format Version 12.00
# Visual Studio Version 16
VisualStudioVersion = 16.0.31624.102
MinimumVisualStudioVersion = 10.0.40219.1
Project("{FAE04EC0-301F-11D3-BF4B-00C04F79EFBC}") = "AB Basic App GitHub", "AB Basic App GitHub\AB Basic App GitHub.csproj", "{FD9735A8-DEA4-4D2B-93CB-2A88D8309724}"
EndProject
Project("{FAE04EC0-301F-11D3-BF4B-00C04F79EFBC}") = "BasicAppTest", "BasicAppTest\BasicAppTest.csproj", "{1B092877-3DF2-4072-8FE7-7A935D2D8D39}"
EndProject
Global
	GlobalSection(SolutionConfigurationPlatforms) = preSolution
		Debug|Any CPU = Debug|Any CPU
		Release|Any CPU = Release|Any CPU
	EndGlobalSection
	GlobalSection(ProjectConfigurationPlatforms) = postSolution
		{FD9735A8-DEA4-4D2B-93CB-2A88D8309724}.Debug|Any CPU.ActiveCfg = Debug|Any CPU
		{FD9735A8-DEA4-4D2B-93CB-2A88D8309724}.Debug|Any CPU.Build.0 = Debug|Any CPU
		{FD9735A8-DEA4-4D2B-93CB-2A88D8309724}.Release|Any CPU.ActiveCfg = Release|Any CPU
		{FD9735A8-DEA4-4D2B-93CB-2A88D8309724}.Release|Any CPU.Build.0 = Release|Any CPU
		{1B092877-3DF2-4072-8FE7-7A935D2D8D39}.Debug|Any CPU.ActiveCfg = Debug|Any CPU
		{1B092877-3DF2-4072-8FE7-7A935D2D8D39}.Debug|Any CPU.Build.0 = Debug|Any CPU
		{1B092877-3DF2-4072-8FE7-7A935D2D8D39}.Release|Any CPU.ActiveCfg = Release|Any CPU
		{1B092877-3DF2-4072-8FE7-7A935D2D8D39}.Release|Any CPU.Build.0 = Release|Any CPU
	EndGlobalSection
	GlobalSection(SolutionProperties) = preSolution
		HideSolutionNode = FALSE
	EndGlobalSection
	GlobalSection(ExtensibilityGlobals) = postSolution
		SolutionGuid = {9F172345-A6F4-4B0A-8523-EACFEE3C97A8}
	EndGlobalSection
EndGlobal
